
Microsoft Visual Studio Solution File, Format Version 12.00
# Visual Studio Version 16
VisualStudioVersion = 16.0.31702.278
MinimumVisualStudioVersion = 10.0.40219.1
Project("{9A19103F-16F7-4668-BE54-9A1E7A4F7556}") = "ProjectOL.Web", "ProjectOL.Web\ProjectOL.Web.csproj", "{6B853F6D-17B2-4C42-9EDF-7800FC8F8298}"
	ProjectSection(ProjectDependencies) = postProject
		{FFABF372-BF5A-49D5-9AD6-97C7A5F70E25} = {FFABF372-BF5A-49D5-9AD6-97C7A5F70E25}
		{B480858B-E33F-44E2-88A3-45D72F034018} = {B480858B-E33F-44E2-88A3-45D72F034018}
	EndProjectSection
EndProject
Project("{9A19103F-16F7-4668-BE54-9A1E7A4F7556}") = "ProjectOL.BL", "ProjectOL.BL\ProjectOL.BL.csproj", "{B480858B-E33F-44E2-88A3-45D72F034018}"
EndProject
Project("{9A19103F-16F7-4668-BE54-9A1E7A4F7556}") = "ProjectOL.Api", "ProjectOL.Api\ProjectOL.Api.csproj", "{FFABF372-BF5A-49D5-9AD6-97C7A5F70E25}"
	ProjectSection(ProjectDependencies) = postProject
		{B480858B-E33F-44E2-88A3-45D72F034018} = {B480858B-E33F-44E2-88A3-45D72F034018}
	EndProjectSection
EndProject
Global
	GlobalSection(SolutionConfigurationPlatforms) = preSolution
		Debug|Any CPU = Debug|Any CPU
		Release|Any CPU = Release|Any CPU
	EndGlobalSection
	GlobalSection(ProjectConfigurationPlatforms) = postSolution
		{6B853F6D-17B2-4C42-9EDF-7800FC8F8298}.Debug|Any CPU.ActiveCfg = Debug|Any CPU
		{6B853F6D-17B2-4C42-9EDF-7800FC8F8298}.Debug|Any CPU.Build.0 = Debug|Any CPU
		{6B853F6D-17B2-4C42-9EDF-7800FC8F8298}.Release|Any CPU.ActiveCfg = Release|Any CPU
		{6B853F6D-17B2-4C42-9EDF-7800FC8F8298}.Release|Any CPU.Build.0 = Release|Any CPU
		{B480858B-E33F-44E2-88A3-45D72F034018}.Debug|Any CPU.ActiveCfg = Debug|Any CPU
		{B480858B-E33F-44E2-88A3-45D72F034018}.Debug|Any CPU.Build.0 = Debug|Any CPU
		{B480858B-E33F-44E2-88A3-45D72F034018}.Release|Any CPU.ActiveCfg = Release|Any CPU
		{B480858B-E33F-44E2-88A3-45D72F034018}.Release|Any CPU.Build.0 = Release|Any CPU
		{FFABF372-BF5A-49D5-9AD6-97C7A5F70E25}.Debug|Any CPU.ActiveCfg = Debug|Any CPU
		{FFABF372-BF5A-49D5-9AD6-97C7A5F70E25}.Debug|Any CPU.Build.0 = Debug|Any CPU
		{FFABF372-BF5A-49D5-9AD6-97C7A5F70E25}.Release|Any CPU.ActiveCfg = Release|Any CPU
		{FFABF372-BF5A-49D5-9AD6-97C7A5F70E25}.Release|Any CPU.Build.0 = Release|Any CPU
	EndGlobalSection
	GlobalSection(SolutionProperties) = preSolution
		HideSolutionNode = FALSE
	EndGlobalSection
	GlobalSection(ExtensibilityGlobals) = postSolution
		SolutionGuid = {003CC155-1B43-4147-A9FC-DF51C6033CB8}
	EndGlobalSection
EndGlobal
